
Microsoft Visual Studio Solution File, Format Version 12.00
# Visual Studio Version 17
VisualStudioVersion = 17.4.33122.133
MinimumVisualStudioVersion = 10.0.40219.1
Project("{FAE04EC0-301F-11D3-BF4B-00C04F79EFBC}") = "GestionHotels", "GestionHotels\GestionHotels.csproj", "{95C7CCF3-9964-49D3-9456-5F518D2C1BAF}"
EndProject
Global
	GlobalSection(SolutionConfigurationPlatforms) = preSolution
		Debug|Any CPU = Debug|Any CPU
		Release|Any CPU = Release|Any CPU
	EndGlobalSection
	GlobalSection(ProjectConfigurationPlatforms) = postSolution
		{95C7CCF3-9964-49D3-9456-5F518D2C1BAF}.Debug|Any CPU.ActiveCfg = Debug|Any CPU
		{95C7CCF3-9964-49D3-9456-5F518D2C1BAF}.Debug|Any CPU.Build.0 = Debug|Any CPU
		{95C7CCF3-9964-49D3-9456-5F518D2C1BAF}.Release|Any CPU.ActiveCfg = Release|Any CPU
		{95C7CCF3-9964-49D3-9456-5F518D2C1BAF}.Release|Any CPU.Build.0 = Release|Any CPU
	EndGlobalSection
	GlobalSection(SolutionProperties) = preSolution
		HideSolutionNode = FALSE
	EndGlobalSection
	GlobalSection(ExtensibilityGlobals) = postSolution
		SolutionGuid = {B010E4B1-2E0C-477C-8552-1528679BF438}
	EndGlobalSection
EndGlobal
